
Microsoft Visual Studio Solution File, Format Version 12.00
# Visual Studio Version 17
VisualStudioVersion = 17.7.34202.233
MinimumVisualStudioVersion = 10.0.40219.1
Project("{FAE04EC0-301F-11D3-BF4B-00C04F79EFBC}") = "ResoniteModUpdater", "ResoniteModUpdater\ResoniteModUpdater.csproj", "{FFFAB8F2-F1FB-4B01-89FE-B60F45693BFF}"
EndProject
Global
	GlobalSection(SolutionConfigurationPlatforms) = preSolution
		Debug|Any CPU = Debug|Any CPU
		Release|Any CPU = Release|Any CPU
	EndGlobalSection
	GlobalSection(ProjectConfigurationPlatforms) = postSolution
		{FFFAB8F2-F1FB-4B01-89FE-B60F45693BFF}.Debug|Any CPU.ActiveCfg = Debug|Any CPU
		{FFFAB8F2-F1FB-4B01-89FE-B60F45693BFF}.Debug|Any CPU.Build.0 = Debug|Any CPU
		{FFFAB8F2-F1FB-4B01-89FE-B60F45693BFF}.Release|Any CPU.ActiveCfg = Release|Any CPU
		{FFFAB8F2-F1FB-4B01-89FE-B60F45693BFF}.Release|Any CPU.Build.0 = Release|Any CPU
	EndGlobalSection
	GlobalSection(SolutionProperties) = preSolution
		HideSolutionNode = FALSE
	EndGlobalSection
	GlobalSection(ExtensibilityGlobals) = postSolution
		SolutionGuid = {A8AC6AEA-DA85-4FE1-BD9E-BD4BB36FE1C6}
	EndGlobalSection
EndGlobal
